
Microsoft Visual Studio Solution File, Format Version 12.00
# Visual Studio 15
VisualStudioVersion = 15.0.28010.2003
MinimumVisualStudioVersion = 10.0.40219.1
Project("{9A19103F-16F7-4668-BE54-9A1E7A4F7556}") = "OnboardingService", "OnboardingService\OnboardingService.csproj", "{841718F9-C19A-4359-861F-AA677081B4BD}"
EndProject
Project("{FAE04EC0-301F-11D3-BF4B-00C04F79EFBC}") = "OnboardServiceTest", "OnboardServiceTest\OnboardServiceTest.csproj", "{1946B967-0700-4970-9A25-0FF3FFD02B5C}"
EndProject
Global
	GlobalSection(SolutionConfigurationPlatforms) = preSolution
		Debug|Any CPU = Debug|Any CPU
		Release|Any CPU = Release|Any CPU
	EndGlobalSection
	GlobalSection(ProjectConfigurationPlatforms) = postSolution
		{841718F9-C19A-4359-861F-AA677081B4BD}.Debug|Any CPU.ActiveCfg = Debug|Any CPU
		{841718F9-C19A-4359-861F-AA677081B4BD}.Debug|Any CPU.Build.0 = Debug|Any CPU
		{841718F9-C19A-4359-861F-AA677081B4BD}.Release|Any CPU.ActiveCfg = Release|Any CPU
		{841718F9-C19A-4359-861F-AA677081B4BD}.Release|Any CPU.Build.0 = Release|Any CPU
		{1946B967-0700-4970-9A25-0FF3FFD02B5C}.Debug|Any CPU.ActiveCfg = Debug|Any CPU
		{1946B967-0700-4970-9A25-0FF3FFD02B5C}.Debug|Any CPU.Build.0 = Debug|Any CPU
		{1946B967-0700-4970-9A25-0FF3FFD02B5C}.Release|Any CPU.ActiveCfg = Release|Any CPU
		{1946B967-0700-4970-9A25-0FF3FFD02B5C}.Release|Any CPU.Build.0 = Release|Any CPU
	EndGlobalSection
	GlobalSection(SolutionProperties) = preSolution
		HideSolutionNode = FALSE
	EndGlobalSection
	GlobalSection(ExtensibilityGlobals) = postSolution
		SolutionGuid = {B8F4E4B9-F772-4A90-BF45-EBEC6B851332}
	EndGlobalSection
EndGlobal
